Microsoft Visual Studio Solution File, Format Version 12.00
# Visual Studio Version 17
VisualStudioVersion = 17.5.33424.131
MinimumVisualStudioVersion = 10.0.40219.1
Project("{9A19103F-16F7-4668-BE54-9A1E7A4F7556}") = "Analogy.LogViewer.LiteDB", "Analogy.LogViewer.LiteDB\Analogy.LogViewer.LiteDB.csproj", "{0188FE10-6FA0-452A-B423-CF2EF64F2CFA}"
EndProject
Project("{2150E333-8FDC-42A3-9474-1A3956D46DE8}") = "Solution Items", "Solution Items", "{AA382F98-BCED-40D5-96FE-8CDC3112085D}"
	ProjectSection(SolutionItems) = preProject
		.editorconfig = .editorconfig
		Directory.Build.props = Directory.Build.props
		.github\workflows\dotnet-core-desktop.yml = .github\workflows\dotnet-core-desktop.yml
		nuget.config = nuget.config
	EndProjectSection
EndProject
Project("{9A19103F-16F7-4668-BE54-9A1E7A4F7556}") = "Analogy.LogViewer.LiteDB.UnitTests", "Analogy.LogViewer.LiteDB.UnitTests\Analogy.LogViewer.LiteDB.UnitTests.csproj", "{4D5B86B2-0CF0-419A-AD4B-C5570097D5C0}"
EndProject
Global
	GlobalSection(SolutionConfigurationPlatforms) = preSolution
		Debug|Any CPU = Debug|Any CPU
		Release|Any CPU = Release|Any CPU
	EndGlobalSection
	GlobalSection(ProjectConfigurationPlatforms) = postSolution
		{0188FE10-6FA0-452A-B423-CF2EF64F2CFA}.Debug|Any CPU.ActiveCfg = Debug|Any CPU
		{0188FE10-6FA0-452A-B423-CF2EF64F2CFA}.Debug|Any CPU.Build.0 = Debug|Any CPU
		{0188FE10-6FA0-452A-B423-CF2EF64F2CFA}.Release|Any CPU.ActiveCfg = Release|Any CPU
		{0188FE10-6FA0-452A-B423-CF2EF64F2CFA}.Release|Any CPU.Build.0 = Release|Any CPU
		{4D5B86B2-0CF0-419A-AD4B-C5570097D5C0}.Debug|Any CPU.ActiveCfg = Debug|Any CPU
		{4D5B86B2-0CF0-419A-AD4B-C5570097D5C0}.Debug|Any CPU.Build.0 = Debug|Any CPU
		{4D5B86B2-0CF0-419A-AD4B-C5570097D5C0}.Release|Any CPU.ActiveCfg = Release|Any CPU
		{4D5B86B2-0CF0-419A-AD4B-C5570097D5C0}.Release|Any CPU.Build.0 = Release|Any CPU
	EndGlobalSection
	GlobalSection(SolutionProperties) = preSolution
		HideSolutionNode = FALSE
	EndGlobalSection
	GlobalSection(ExtensibilityGlobals) = postSolution
		SolutionGuid = {5545B4EE-30CC-4F7B-8D24-A0FE4C0B6183}
	EndGlobalSection
EndGlobal
